
Microsoft Visual Studio Solution File, Format Version 12.00
# Visual Studio 14
VisualStudioVersion = 14.0.24720.0
MinimumVisualStudioVersion = 10.0.40219.1
Project("{FAE04EC0-301F-11D3-BF4B-00C04F79EFBC}") = "HttpPerfTestTool", "HttpPerfTestTool.csproj", "{6165B8E5-6BAF-4CB3-B514-1624DBFB6B88}"
EndProject
Project("{FAE04EC0-301F-11D3-BF4B-00C04F79EFBC}") = "ToolForm", "..\ToolForm\ToolForm.csproj", "{590C1BB9-DDBF-45B6-8802-99A3B3A61FF4}"
EndProject
Project("{FAE04EC0-301F-11D3-BF4B-00C04F79EFBC}") = "HttpPerfTestLib", "HttpPerfTestLib\HttpPerfTestLib.csproj", "{53005DF4-9D7B-4371-9E29-9D2C29B5A6FF}"
EndProject
Project("{FAE04EC0-301F-11D3-BF4B-00C04F79EFBC}") = "ToolConsole", "..\ToolConsole\ToolConsole.csproj", "{CD6E0188-CA78-4CD0-980E-8DF79E684E24}"
EndProject
Global
	GlobalSection(SolutionConfigurationPlatforms) = preSolution
		Debug|Any CPU = Debug|Any CPU
		Release|Any CPU = Release|Any CPU
	EndGlobalSection
	GlobalSection(ProjectConfigurationPlatforms) = postSolution
		{6165B8E5-6BAF-4CB3-B514-1624DBFB6B88}.Debug|Any CPU.ActiveCfg = Debug|Any CPU
		{6165B8E5-6BAF-4CB3-B514-1624DBFB6B88}.Debug|Any CPU.Build.0 = Debug|Any CPU
		{6165B8E5-6BAF-4CB3-B514-1624DBFB6B88}.Release|Any CPU.ActiveCfg = Release|Any CPU
		{6165B8E5-6BAF-4CB3-B514-1624DBFB6B88}.Release|Any CPU.Build.0 = Release|Any CPU
		{590C1BB9-DDBF-45B6-8802-99A3B3A61FF4}.Debug|Any CPU.ActiveCfg = Debug|Any CPU
		{590C1BB9-DDBF-45B6-8802-99A3B3A61FF4}.Debug|Any CPU.Build.0 = Debug|Any CPU
		{590C1BB9-DDBF-45B6-8802-99A3B3A61FF4}.Release|Any CPU.ActiveCfg = Release|Any CPU
		{590C1BB9-DDBF-45B6-8802-99A3B3A61FF4}.Release|Any CPU.Build.0 = Release|Any CPU
		{53005DF4-9D7B-4371-9E29-9D2C29B5A6FF}.Debug|Any CPU.ActiveCfg = Debug|Any CPU
		{53005DF4-9D7B-4371-9E29-9D2C29B5A6FF}.Debug|Any CPU.Build.0 = Debug|Any CPU
		{53005DF4-9D7B-4371-9E29-9D2C29B5A6FF}.Release|Any CPU.ActiveCfg = Release|Any CPU
		{53005DF4-9D7B-4371-9E29-9D2C29B5A6FF}.Release|Any CPU.Build.0 = Release|Any CPU
		{CD6E0188-CA78-4CD0-980E-8DF79E684E24}.Debug|Any CPU.ActiveCfg = Debug|Any CPU
		{CD6E0188-CA78-4CD0-980E-8DF79E684E24}.Debug|Any CPU.Build.0 = Debug|Any CPU
		{CD6E0188-CA78-4CD0-980E-8DF79E684E24}.Release|Any CPU.ActiveCfg = Release|Any CPU
		{CD6E0188-CA78-4CD0-980E-8DF79E684E24}.Release|Any CPU.Build.0 = Release|Any CPU
	EndGlobalSection
	GlobalSection(SolutionProperties) = preSolution
		HideSolutionNode = FALSE
	EndGlobalSection
EndGlobal
